// !$*UTF8*$!
{
	archiveVersion = 1;
	classes = {
	};
	objectVersion = 46;
	objects = {

/* Begin PBXBuildFile section */
		8786678C1DFFE33200587FA8 /* AppDelegate.swift in Sources */ = {isa = PBXBuildFile; fileRef = 8786678B1DFFE33200587FA8 /* AppDelegate.swift */; };
		8786678E1DFFE33200587FA8 /* ViewController.swift in Sources */ = {isa = PBXBuildFile; fileRef = 8786678D1DFFE33200587FA8 /* ViewController.swift */; };
		878667911DFFE33200587FA8 /* Main.storyboard in Resources */ = {isa = PBXBuildFile; fileRef = 8786678F1DFFE33200587FA8 /* Main.storyboard */; };
		878667931DFFE33200587FA8 /* Assets.xcassets in Resources */ = {isa = PBXBuildFile; fileRef = 878667921DFFE33200587FA8 /* Assets.xcassets */; };
		878667961DFFE33200587FA8 /* LaunchScreen.storyboard in Resources */ = {isa = PBXBuildFile; fileRef = 878667941DFFE33200587FA8 /* LaunchScreen.storyboard */; };
		878667A91DFFE64E00587FA8 /* CellIdentifiable.swift in Sources */ = {isa = PBXBuildFile; fileRef = 878667A81DFFE64E00587FA8 /* CellIdentifiable.swift */; };
		878667AB1DFFE77000587FA8 /* Paginator.swift in Sources */ = {isa = PBXBuildFile; fileRef = 878667AA1DFFE77000587FA8 /* Paginator.swift */; };
		878667AD1DFFF15B00587FA8 /* OperationQueueHandler.swift in Sources */ = {isa = PBXBuildFile; fileRef = 878667AC1DFFF15B00587FA8 /* OperationQueueHandler.swift */; };
		878667AF1DFFF21500587FA8 /* ImadeDownloadOperation.swift in Sources */ = {isa = PBXBuildFile; fileRef = 878667AE1DFFF21500587FA8 /* ImadeDownloadOperation.swift */; };
		878667B21DFFF2C400587FA8 /* ImageModel.swift in Sources */ = {isa = PBXBuildFile; fileRef = 878667B11DFFF2C400587FA8 /* ImageModel.swift */; };
		878667B41DFFF96100587FA8 /* ImageFilterOperation.swift in Sources */ = {isa = PBXBuildFile; fileRef = 878667B31DFFF96100587FA8 /* ImageFilterOperation.swift */; };
		878667B71E0004EF00587FA8 /* DetailsViewController.swift in Sources */ = {isa = PBXBuildFile; fileRef = 878667B61E0004EF00587FA8 /* DetailsViewController.swift */; };
		878667B91E00052C00587FA8 /* ImageTableViewCell.swift in Sources */ = {isa = PBXBuildFile; fileRef = 878667B81E00052C00587FA8 /* ImageTableViewCell.swift */; };
		878667BB1E0018AA00587FA8 /* NetworkManager.swift in Sources */ = {isa = PBXBuildFile; fileRef = 878667BA1E0018AA00587FA8 /* NetworkManager.swift */; };
/* End PBXBuildFile section */

/* Begin PBXFileReference section */
		878667881DFFE33200587FA8 /* TestApp.app */ = {isa = PBXFileReference; explicitFileType = wrapper.application; includeInIndex = 0; path = TestApp.app; sourceTree = BUILT_PRODUCTS_DIR; };
		8786678B1DFFE33200587FA8 /* AppDelegate.swift */ = {isa = PBXFileReference; lastKnownFileType = sourcecode.swift; path = AppDelegate.swift; sourceTree = "<group>"; };
		8786678D1DFFE33200587FA8 /* ViewController.swift */ = {isa = PBXFileReference; lastKnownFileType = sourcecode.swift; path = ViewController.swift; sourceTree = "<group>"; };
		878667901DFFE33200587FA8 /* Base */ = {isa = PBXFileReference; lastKnownFileType = file.storyboard; name = Base; path = Base.lproj/Main.storyboard; sourceTree = "<group>"; };
		878667921DFFE33200587FA8 /* Assets.xcassets */ = {isa = PBXFileReference; lastKnownFileType = folder.assetcatalog; path = Assets.xcassets; sourceTree = "<group>"; };
		878667951DFFE33200587FA8 /* Base */ = {isa = PBXFileReference; lastKnownFileType = file.storyboard; name = Base; path = Base.lproj/LaunchScreen.storyboard; sourceTree = "<group>"; };
		878667971DFFE33200587FA8 /* Info.plist */ = {isa = PBXFileReference; lastKnownFileType = text.plist.xml; path = Info.plist; sourceTree = "<group>"; };
		878667A81DFFE64E00587FA8 /* CellIdentifiable.swift */ = {isa = PBXFileReference; fileEncoding = 4; lastKnownFileType = sourcecode.swift; path = CellIdentifiable.swift; sourceTree = "<group>"; };
		878667AA1DFFE77000587FA8 /* Paginator.swift */ = {isa = PBXFileReference; fileEncoding = 4; lastKnownFileType = sourcecode.swift; name = Paginator.swift; path = Classes/Paginator.swift; sourceTree = "<group>"; };
		878667AC1DFFF15B00587FA8 /* OperationQueueHandler.swift */ = {isa = PBXFileReference; fileEncoding = 4; lastKnownFileType = sourcecode.swift; name = OperationQueueHandler.swift; path = Classes/OperationQueueHandler.swift; sourceTree = "<group>"; };
		878667AE1DFFF21500587FA8 /* ImadeDownloadOperation.swift */ = {isa = PBXFileReference; fileEncoding = 4; lastKnownFileType = sourcecode.swift; name = ImadeDownloadOperation.swift; path = Classes/ImadeDownloadOperation.swift; sourceTree = "<group>"; };
		878667B11DFFF2C400587FA8 /* ImageModel.swift */ = {isa = PBXFileReference; fileEncoding = 4; lastKnownFileType = sourcecode.swift; name = ImageModel.swift; path = Classes/ImageModel.swift; sourceTree = "<group>"; };
		878667B31DFFF96100587FA8 /* ImageFilterOperation.swift */ = {isa = PBXFileReference; fileEncoding = 4; lastKnownFileType = sourcecode.swift; name = ImageFilterOperation.swift; path = Classes/ImageFilterOperation.swift; sourceTree = "<group>"; };
		878667B61E0004EF00587FA8 /* DetailsViewController.swift */ = {isa = PBXFileReference; fileEncoding = 4; lastKnownFileType = sourcecode.swift; path = DetailsViewController.swift; sourceTree = "<group>"; };
		878667B81E00052C00587FA8 /* ImageTableViewCell.swift */ = {isa = PBXFileReference; fileEncoding = 4; lastKnownFileType = sourcecode.swift; name = ImageTableViewCell.swift; path = Cells/ImageTableViewCell.swift; sourceTree = "<group>"; };
		878667BA1E0018AA00587FA8 /* NetworkManager.swift */ = {isa = PBXFileReference; fileEncoding = 4; lastKnownFileType = sourcecode.swift; name = NetworkManager.swift; path = Classes/NetworkManager.swift; sourceTree = "<group>"; };
/* End PBXFileReference section */

/* Begin PBXFrameworksBuildPhase section */
		878667851DFFE33200587FA8 /* Frameworks */ = {
			isa = PBXFrameworksBuildPhase;
			buildActionMask = 2147483647;
			files = (
			);
			runOnlyForDeploymentPostprocessing = 0;
		};
/* End PBXFrameworksBuildPhase section */

/* Begin PBXGroup section */
		8786677F1DFFE33200587FA8 = {
			isa = PBXGroup;
			children = (
				8786678A1DFFE33200587FA8 /* TestApp */,
				878667891DFFE33200587FA8 /* Products */,
			);
			sourceTree = "<group>";
		};
		878667891DFFE33200587FA8 /* Products */ = {
			isa = PBXGroup;
			children = (
				878667881DFFE33200587FA8 /* TestApp.app */,
			);
			name = Products;
			sourceTree = "<group>";
		};
		8786678A1DFFE33200587FA8 /* TestApp */ = {
			isa = PBXGroup;
			children = (
				878667A71DFFE5E900587FA8 /* Protocols */,
				878667A61DFFE57700587FA8 /* Classes */,
				878667A01DFFE4A600587FA8 /* Resources */,
				878667A41DFFE53C00587FA8 /* Supporting Files */,
				878667A11DFFE4BF00587FA8 /* UI */,
			);
			path = TestApp;
			sourceTree = "<group>";
		};
		8786679F1DFFE47400587FA8 /* Application */ = {
			isa = PBXGroup;
			children = (
				8786678B1DFFE33200587FA8 /* AppDelegate.swift */,
			);
			name = Application;
			sourceTree = "<group>";
		};
		878667A01DFFE4A600587FA8 /* Resources */ = {
			isa = PBXGroup;
			children = (
				878667921DFFE33200587FA8 /* Assets.xcassets */,
			);
			name = Resources;
			sourceTree = "<group>";
		};
		878667A11DFFE4BF00587FA8 /* UI */ = {
			isa = PBXGroup;
			children = (
				878667A51DFFE55100587FA8 /* Cells */,
				878667A21DFFE4DF00587FA8 /* Interface */,
				878667A31DFFE50A00587FA8 /* ViewControllers */,
			);
			name = UI;
			sourceTree = "<group>";
		};
		878667A21DFFE4DF00587FA8 /* Interface */ = {
			isa = PBXGroup;
			children = (
				8786678F1DFFE33200587FA8 /* Main.storyboard */,
				878667941DFFE33200587FA8 /* LaunchScreen.storyboard */,
			);
			name = Interface;
			sourceTree = "<group>";
		};
		878667A31DFFE50A00587FA8 /* ViewControllers */ = {
			isa = PBXGroup;
			children = (
				8786678D1DFFE33200587FA8 /* ViewController.swift */,
				878667B61E0004EF00587FA8 /* DetailsViewController.swift */,
			);
			name = ViewControllers;
			sourceTree = "<group>";
		};
		878667A41DFFE53C00587FA8 /* Supporting Files */ = {
			isa = PBXGroup;
			children = (
				878667971DFFE33200587FA8 /* Info.plist */,
			);
			name = "Supporting Files";
			sourceTree = "<group>";
		};
		878667A51DFFE55100587FA8 /* Cells */ = {
			isa = PBXGroup;
			children = (
				878667B81E00052C00587FA8 /* ImageTableViewCell.swift */,
			);
			name = Cells;
			sourceTree = "<group>";
		};
		878667A61DFFE57700587FA8 /* Classes */ = {
			isa = PBXGroup;
			children = (
				8786679F1DFFE47400587FA8 /* Application */,
				878667AA1DFFE77000587FA8 /* Paginator.swift */,
				878667B51DFFF9AE00587FA8 /* QueueHandler */,
				878667B01DFFF29B00587FA8 /* CoreNetworking */,
			);
			name = Classes;
			sourceTree = "<group>";
		};
		878667A71DFFE5E900587FA8 /* Protocols */ = {
			isa = PBXGroup;
			children = (
				878667A81DFFE64E00587FA8 /* CellIdentifiable.swift */,
			);
			path = Protocols;
			sourceTree = "<group>";
		};
		878667B01DFFF29B00587FA8 /* CoreNetworking */ = {
			isa = PBXGroup;
			children = (
				878667B11DFFF2C400587FA8 /* ImageModel.swift */,
				878667BA1E0018AA00587FA8 /* NetworkManager.swift */,
			);
			name = CoreNetworking;
			sourceTree = "<group>";
		};
		878667B51DFFF9AE00587FA8 /* QueueHandler */ = {
			isa = PBXGroup;
			children = (
				878667AC1DFFF15B00587FA8 /* OperationQueueHandler.swift */,
				878667AE1DFFF21500587FA8 /* ImadeDownloadOperation.swift */,
				878667B31DFFF96100587FA8 /* ImageFilterOperation.swift */,
			);
			name = QueueHandler;
			sourceTree = "<group>";
		};
/* End PBXGroup section */

/* Begin PBXNativeTarget section */
		878667871DFFE33200587FA8 /* TestApp */ = {
			isa = PBXNativeTarget;
			buildConfigurationList = 8786679A1DFFE33200587FA8 /* Build configuration list for PBXNativeTarget "TestApp" */;
			buildPhases = (
				878667841DFFE33200587FA8 /* Sources */,
				878667851DFFE33200587FA8 /* Frameworks */,
				878667861DFFE33200587FA8 /* Resources */,
			);
			buildRules = (
			);
			dependencies = (
			);
			name = TestApp;
			productName = TestApp;
			productReference = 878667881DFFE33200587FA8 /* TestApp.app */;
			productType = "com.apple.product-type.application";
		};
/* End PBXNativeTarget section */

/* Begin PBXProject section */
		878667801DFFE33200587FA8 /* Project object */ = {
			isa = PBXProject;
			attributes = {
				LastSwiftUpdateCheck = 0810;
				LastUpgradeCheck = 0810;
				ORGANIZATIONNAME = "Vladyslav Gamalii";
				TargetAttributes = {
					878667871DFFE33200587FA8 = {
						CreatedOnToolsVersion = 8.1;
						DevelopmentTeam = 38RMNWSM28;
						ProvisioningStyle = Automatic;
					};
				};
			};
			buildConfigurationList = 878667831DFFE33200587FA8 /* Build configuration list for PBXProject "TestApp" */;
			compatibilityVersion = "Xcode 3.2";
			developmentRegion = English;
			hasScannedForEncodings = 0;
			knownRegions = (
				en,
				Base,
			);
			mainGroup = 8786677F1DFFE33200587FA8;
			productRefGroup = 878667891DFFE33200587FA8 /* Products */;
			projectDirPath = "";
			projectRoot = "";
			targets = (
				878667871DFFE33200587FA8 /* TestApp */,
			);
		};
/* End PBXProject section */

/* Begin PBXResourcesBuildPhase section */
		878667861DFFE33200587FA8 /* Resources */ = {
			isa = PBXResourcesBuildPhase;
			buildActionMask = 2147483647;
			files = (
				878667961DFFE33200587FA8 /* LaunchScreen.storyboard in Resources */,
				878667931DFFE33200587FA8 /* Assets.xcassets in Resources */,
				878667911DFFE33200587FA8 /* Main.storyboard in Resources */,
			);
			runOnlyForDeploymentPostprocessing = 0;
		};
/* End PBXResourcesBuildPhase section */

/* Begin PBXSourcesBuildPhase section */
		878667841DFFE33200587FA8 /* Sources */ = {
			isa = PBXSourcesBuildPhase;
			buildActionMask = 2147483647;
			files = (
				878667AD1DFFF15B00587FA8 /* OperationQueueHandler.swift in Sources */,
				8786678E1DFFE33200587FA8 /* ViewController.swift in Sources */,
				878667B71E0004EF00587FA8 /* DetailsViewController.swift in Sources */,
				878667A91DFFE64E00587FA8 /* CellIdentifiable.swift in Sources */,
				878667BB1E0018AA00587FA8 /* NetworkManager.swift in Sources */,
				8786678C1DFFE33200587FA8 /* AppDelegate.swift in Sources */,
				878667AF1DFFF21500587FA8 /* ImadeDownloadOperation.swift in Sources */,
				878667AB1DFFE77000587FA8 /* Paginator.swift in Sources */,
				878667B91E00052C00587FA8 /* ImageTableViewCell.swift in Sources */,
				878667B21DFFF2C400587FA8 /* ImageModel.swift in Sources */,
				878667B41DFFF96100587FA8 /* ImageFilterOperation.swift in Sources */,
			);
			runOnlyForDeploymentPostprocessing = 0;
		};
/* End PBXSourcesBuildPhase section */

/* Begin PBXVariantGroup section */
		8786678F1DFFE33200587FA8 /* Main.storyboard */ = {
			isa = PBXVariantGroup;
			children = (
				878667901DFFE33200587FA8 /* Base */,
			);
			name = Main.storyboard;
			sourceTree = "<group>";
		};
		878667941DFFE33200587FA8 /* LaunchScreen.storyboard */ = {
			isa = PBXVariantGroup;
			children = (
				878667951DFFE33200587FA8 /* Base */,
			);
			name = LaunchScreen.storyboard;
			sourceTree = "<group>";
		};
/* End PBXVariantGroup section */

/* Begin XCBuildConfiguration section */
		878667981DFFE33200587FA8 /* Debug */ = {
			isa = XCBuildConfiguration;
			buildSettings = {
				ALWAYS_SEARCH_USER_PATHS = NO;
				CLANG_ANALYZER_NONNULL = YES;
				CLANG_CXX_LANGUAGE_STANDARD = "gnu++0x";
				CLANG_CXX_LIBRARY = "libc++";
				CLANG_ENABLE_MODULES = YES;
				CLANG_ENABLE_OBJC_ARC = YES;
				CLANG_WARN_BOOL_CONVERSION = YES;
				CLANG_WARN_CONSTANT_CONVERSION = YES;
				CLANG_WARN_DIRECT_OBJC_ISA_USAGE = YES_ERROR;
				CLANG_WARN_DOCUMENTATION_COMMENTS = YES;
				CLANG_WARN_EMPTY_BODY = YES;
				CLANG_WARN_ENUM_CONVERSION = YES;
				CLANG_WARN_INFINITE_RECURSION = YES;
				CLANG_WARN_INT_CONVERSION = YES;
				CLANG_WARN_OBJC_ROOT_CLASS = YES_ERROR;
				CLANG_WARN_SUSPICIOUS_MOVES = YES;
				CLANG_WARN_UNREACHABLE_CODE = YES;
				CLANG_WARN__DUPLICATE_METHOD_MATCH = YES;
				"CODE_SIGN_IDENTITY[sdk=iphoneos*]" = "iPhone Developer";
				COPY_PHASE_STRIP = NO;
				DEBUG_INFORMATION_FORMAT = dwarf;
				ENABLE_STRICT_OBJC_MSGSEND = YES;
				ENABLE_TESTABILITY = YES;
				GCC_C_LANGUAGE_STANDARD = gnu99;
				GCC_DYNAMIC_NO_PIC = NO;
				GCC_NO_COMMON_BLOCKS = YES;
				GCC_OPTIMIZATION_LEVEL = 0;
				GCC_PREPROCESSOR_DEFINITIONS = (
					"DEBUG=1",
					"$(inherited)",
				);
				GCC_WARN_64_TO_32_BIT_CONVERSION = YES;
				GCC_WARN_ABOUT_RETURN_TYPE = YES_ERROR;
				GCC_WARN_UNDECLARED_SELECTOR = YES;
				GCC_WARN_UNINITIALIZED_AUTOS = YES_AGGRESSIVE;
				GCC_WARN_UNUSED_FUNCTION = YES;
				GCC_WARN_UNUSED_VARIABLE = YES;
				IPHONEOS_DEPLOYMENT_TARGET = 10.1;
				MTL_ENABLE_DEBUG_INFO = YES;
				ONLY_ACTIVE_ARCH = YES;
				SDKROOT = iphoneos;
				SWIFT_ACTIVE_COMPILATION_CONDITIONS = DEBUG;
				SWIFT_OPTIMIZATION_LEVEL = "-Onone";
				TARGETED_DEVICE_FAMILY = "1,2";
			};
			name = Debug;
		};
		878667991DFFE33200587FA8 /* Release */ = {
			isa = XCBuildConfiguration;
			buildSettings = {
				ALWAYS_SEARCH_USER_PATHS = NO;
				CLANG_ANALYZER_NONNULL = YES;
				CLANG_CXX_LANGUAGE_STANDARD = "gnu++0x";
				CLANG_CXX_LIBRARY = "libc++";
				CLANG_ENABLE_MODULES = YES;
				CLANG_ENABLE_OBJC_ARC = YES;
				CLANG_WARN_BOOL_CONVERSION = YES;
				CLANG_WARN_CONSTANT_CONVERSION = YES;
				CLANG_WARN_DIRECT_OBJC_ISA_USAGE = YES_ERROR;
				CLANG_WARN_DOCUMENTATION_COMMENTS = YES;
				CLANG_WARN_EMPTY_BODY = YES;
				CLANG_WARN_ENUM_CONVERSION = YES;
				CLANG_WARN_INFINITE_RECURSION = YES;
				CLANG_WARN_INT_CONVERSION = YES;
				CLANG_WARN_OBJC_ROOT_CLASS = YES_ERROR;
				CLANG_WARN_SUSPICIOUS_MOVES = YES;
				CLANG_WARN_UNREACHABLE_CODE = YES;
				CLANG_WARN__DUPLICATE_METHOD_MATCH = YES;
				"CODE_SIGN_IDENTITY[sdk=iphoneos*]" = "iPhone Developer";
				COPY_PHASE_STRIP = NO;
				DEBUG_INFORMATION_FORMAT = "dwarf-with-dsym";
				ENABLE_NS_ASSERTIONS = NO;
				ENABLE_STRICT_OBJC_MSGSEND = YES;
				GCC_C_LANGUAGE_STANDARD = gnu99;
				GCC_NO_COMMON_BLOCKS = YES;
				GCC_WARN_64_TO_32_BIT_CONVERSION = YES;
				GCC_WARN_ABOUT_RETURN_TYPE = YES_ERROR;
				GCC_WARN_UNDECLARED_SELECTOR = YES;
				GCC_WARN_UNINITIALIZED_AUTOS = YES_AGGRESSIVE;
				GCC_WARN_UNUSED_FUNCTION = YES;
				GCC_WARN_UNUSED_VARIABLE = YES;
				IPHONEOS_DEPLOYMENT_TARGET = 10.1;
				MTL_ENABLE_DEBUG_INFO = NO;
				SDKROOT = iphoneos;
				SWIFT_OPTIMIZATION_LEVEL = "-Owholemodule";
				TARGETED_DEVICE_FAMILY = "1,2";
				VALIDATE_PRODUCT = YES;
			};
			name = Release;
		};
		8786679B1DFFE33200587FA8 /* Debug */ = {
			isa = XCBuildConfiguration;
			buildSettings = {
				ASSETCATALOG_COMPILER_APPICON_NAME = AppIcon;
				DEVELOPMENT_TEAM = 38RMNWSM28;
				INFOPLIST_FILE = TestApp/Info.plist;
				LD_RUNPATH_SEARCH_PATHS = "$(inherited) @executable_path/Frameworks";
				PRODUCT_BUNDLE_IDENTIFIER = com.TestAppPerf;
				PRODUCT_NAME = "$(TARGET_NAME)";
				SWIFT_VERSION = 3.0;
			};
			name = Debug;
		};
		8786679C1DFFE33200587FA8 /* Release */ = {
			isa = XCBuildConfiguration;
			buildSettings = {
				ASSETCATALOG_COMPILER_APPICON_NAME = AppIcon;
				DEVELOPMENT_TEAM = 38RMNWSM28;
				INFOPLIST_FILE = TestApp/Info.plist;
				LD_RUNPATH_SEARCH_PATHS = "$(inherited) @executable_path/Frameworks";
				PRODUCT_BUNDLE_IDENTIFIER = com.TestAppPerf;
				PRODUCT_NAME = "$(TARGET_NAME)";
				SWIFT_VERSION = 3.0;
			};
			name = Release;
		};
/* End XCBuildConfiguration section */

/* Begin XCConfigurationList section */
		878667831DFFE33200587FA8 /* Build configuration list for PBXProject "TestApp" */ = {
			isa = XCConfigurationList;
			buildConfigurations = (
				878667981DFFE33200587FA8 /* Debug */,
				878667991DFFE33200587FA8 /* Release */,
			);
			defaultConfigurationIsVisible = 0;
			defaultConfigurationName = Release;
		};
		8786679A1DFFE33200587FA8 /* Build configuration list for PBXNativeTarget "TestApp" */ = {
			isa = XCConfigurationList;
			buildConfigurations = (
				8786679B1DFFE33200587FA8 /* Debug */,
				8786679C1DFFE33200587FA8 /* Release */,
			);
			defaultConfigurationIsVisible = 0;
			defaultConfigurationName = Release;
		};
/* End XCConfigurationList section */
	};
	rootObject = 878667801DFFE33200587FA8 /* Project object */;
}
